// !$*UTF8*$!
{
	archiveVersion = 1;
	classes = {
	};
	objectVersion = 77;
	objects = {

/* Begin PBXBuildFile section */
		25A33CA72D50B6E6001B8D36 /* libiosbuildbot-core.a in Frameworks */ = {isa = PBXBuildFile; fileRef = 25A33C9B2D50B698001B8D36 /* libiosbuildbot-core.a */; };
		25A33CC52D50BF8B001B8D36 /* libiosbuildbot-core.a in Frameworks */ = {isa = PBXBuildFile; fileRef = 25A33C9B2D50B698001B8D36 /* libiosbuildbot-core.a */; };
/* End PBXBuildFile section */

/* Begin PBXContainerItemProxy section */
		25A33CA82D50B6E6001B8D36 /* PBXContainerItemProxy */ = {
			isa = PBXContainerItemProxy;
			containerPortal = 255795192D4FFB85002B5110 /* Project object */;
			proxyType = 1;
			remoteGlobalIDString = 25A33C9A2D50B698001B8D36;
			remoteInfo = "iosbuildbot-core";
		};
/* End PBXContainerItemProxy section */

/* Begin PBXCopyFilesBuildPhase section */
		2557951F2D4FFB85002B5110 /* CopyFiles */ = {
			isa = PBXCopyFilesBuildPhase;
			buildActionMask = 2147483647;
			dstPath = /usr/share/man/man1/;
			dstSubfolderSpec = 0;
			files = (
			);
			runOnlyForDeploymentPostprocessing = 1;
		};
/* End PBXCopyFilesBuildPhase section */

/* Begin PBXFileReference section */
		255795212D4FFB85002B5110 /* iosbuildbot */ = {isa = PBXFileReference; explicitFileType = "compiled.mach-o.executable"; includeInIndex = 0; path = iosbuildbot; sourceTree = BUILT_PRODUCTS_DIR; };
		25A33C9B2D50B698001B8D36 /* libiosbuildbot-core.a */ = {isa = PBXFileReference; explicitFileType = archive.ar; includeInIndex = 0; path = "libiosbuildbot-core.a"; sourceTree = BUILT_PRODUCTS_DIR; };
		25A33CB32D50B990001B8D36 /* iosbuildbot-tests.xctest */ = {isa = PBXFileReference; explicitFileType = wrapper.cfbundle; includeInIndex = 0; path = "iosbuildbot-tests.xctest"; sourceTree = BUILT_PRODUCTS_DIR; };
/* End PBXFileReference section */

/* Begin PBXFileSystemSynchronizedBuildFileExceptionSet section */
		25A33CA42D50B6A7001B8D36 /* Exceptions for "iosbuildbot-core" folder in "iosbuildbot" target */ = {
			isa = PBXFileSystemSynchronizedBuildFileExceptionSet;
			membershipExceptions = (
				BuildBot.m,
				ConfigFile.m,
				Git.m,
				ShellCommandRunner.m,
				utils.m,
			);
			target = 255795202D4FFB85002B5110 /* iosbuildbot */;
		};
		25A33CA52D50B6A7001B8D36 /* Exceptions for "iosbuildbot-core" folder in "iosbuildbot-core" target */ = {
			isa = PBXFileSystemSynchronizedBuildFileExceptionSet;
			membershipExceptions = (
				ConfigFile.h,
				Git.h,
				utils.h,
			);
			target = 25A33C9A2D50B698001B8D36 /* iosbuildbot-core */;
		};
/* End PBXFileSystemSynchronizedBuildFileExceptionSet section */

/* Begin PBXFileSystemSynchronizedRootGroup section */
		255795232D4FFB85002B5110 /* iosbuildbot */ = {
			isa = PBXFileSystemSynchronizedRootGroup;
			path = iosbuildbot;
			sourceTree = "<group>";
		};
		25A33C9C2D50B698001B8D36 /* iosbuildbot-core */ = {
			isa = PBXFileSystemSynchronizedRootGroup;
			exceptions = (
				25A33CA42D50B6A7001B8D36 /* Exceptions for "iosbuildbot-core" folder in "iosbuildbot" target */,
				25A33CA52D50B6A7001B8D36 /* Exceptions for "iosbuildbot-core" folder in "iosbuildbot-core" target */,
			);
			path = "iosbuildbot-core";
			sourceTree = "<group>";
		};
		25A33CB42D50B990001B8D36 /* iosbuildbot-tests */ = {
			isa = PBXFileSystemSynchronizedRootGroup;
			path = "iosbuildbot-tests";
			sourceTree = "<group>";
		};
/* End PBXFileSystemSynchronizedRootGroup section */

/* Begin PBXFrameworksBuildPhase section */
		2557951E2D4FFB85002B5110 /* Frameworks */ = {
			isa = PBXFrameworksBuildPhase;
			buildActionMask = 2147483647;
			files = (
				25A33CA72D50B6E6001B8D36 /* libiosbuildbot-core.a in Frameworks */,
			);
			runOnlyForDeploymentPostprocessing = 0;
		};
		25A33C992D50B698001B8D36 /* Frameworks */ = {
			isa = PBXFrameworksBuildPhase;
			buildActionMask = 2147483647;
			files = (
			);
			runOnlyForDeploymentPostprocessing = 0;
		};
		25A33CB02D50B990001B8D36 /* Frameworks */ = {
			isa = PBXFrameworksBuildPhase;
			buildActionMask = 2147483647;
			files = (
				25A33CC52D50BF8B001B8D36 /* libiosbuildbot-core.a in Frameworks */,
			);
			runOnlyForDeploymentPostprocessing = 0;
		};
/* End PBXFrameworksBuildPhase section */

/* Begin PBXGroup section */
		255795182D4FFB85002B5110 = {
			isa = PBXGroup;
			children = (
				255795232D4FFB85002B5110 /* iosbuildbot */,
				25A33C9C2D50B698001B8D36 /* iosbuildbot-core */,
				25A33CB42D50B990001B8D36 /* iosbuildbot-tests */,
				25A33CA62D50B6E6001B8D36 /* Frameworks */,
				255795222D4FFB85002B5110 /* Products */,
			);
			sourceTree = "<group>";
		};
		255795222D4FFB85002B5110 /* Products */ = {
			isa = PBXGroup;
			children = (
				255795212D4FFB85002B5110 /* iosbuildbot */,
				25A33C9B2D50B698001B8D36 /* libiosbuildbot-core.a */,
				25A33CB32D50B990001B8D36 /* iosbuildbot-tests.xctest */,
			);
			name = Products;
			sourceTree = "<group>";
		};
		25A33CA62D50B6E6001B8D36 /* Frameworks */ = {
			isa = PBXGroup;
			children = (
			);
			name = Frameworks;
			sourceTree = "<group>";
		};
/* End PBXGroup section */

/* Begin PBXHeadersBuildPhase section */
		25A33C972D50B698001B8D36 /* Headers */ = {
			isa = PBXHeadersBuildPhase;
			buildActionMask = 2147483647;
			files = (
			);
			runOnlyForDeploymentPostprocessing = 0;
		};
/* End PBXHeadersBuildPhase section */

/* Begin PBXNativeTarget section */
		255795202D4FFB85002B5110 /* iosbuildbot */ = {
			isa = PBXNativeTarget;
			buildConfigurationList = 255795282D4FFB85002B5110 /* Build configuration list for PBXNativeTarget "iosbuildbot" */;
			buildPhases = (
				2557951D2D4FFB85002B5110 /* Sources */,
				2557951E2D4FFB85002B5110 /* Frameworks */,
				2557951F2D4FFB85002B5110 /* CopyFiles */,
			);
			buildRules = (
			);
			dependencies = (
				25A33CA92D50B6E6001B8D36 /* PBXTargetDependency */,
			);
			fileSystemSynchronizedGroups = (
				255795232D4FFB85002B5110 /* iosbuildbot */,
			);
			name = iosbuildbot;
			packageProductDependencies = (
			);
			productName = iosbuildbot;
			productReference = 255795212D4FFB85002B5110 /* iosbuildbot */;
			productType = "com.apple.product-type.tool";
		};
		25A33C9A2D50B698001B8D36 /* iosbuildbot-core */ = {
			isa = PBXNativeTarget;
			buildConfigurationList = 25A33CA12D50B698001B8D36 /* Build configuration list for PBXNativeTarget "iosbuildbot-core" */;
			buildPhases = (
				25A33C972D50B698001B8D36 /* Headers */,
				25A33CC02D50BF59001B8D36 /* Sources */,
				25A33C992D50B698001B8D36 /* Frameworks */,
			);
			buildRules = (
			);
			dependencies = (
			);
			fileSystemSynchronizedGroups = (
				25A33C9C2D50B698001B8D36 /* iosbuildbot-core */,
			);
			name = "iosbuildbot-core";
			packageProductDependencies = (
			);
			productName = "iosbuildbot-core";
			productReference = 25A33C9B2D50B698001B8D36 /* libiosbuildbot-core.a */;
			productType = "com.apple.product-type.library.static";
		};
		25A33CB22D50B990001B8D36 /* iosbuildbot-tests */ = {
			isa = PBXNativeTarget;
			buildConfigurationList = 25A33CBA2D50B990001B8D36 /* Build configuration list for PBXNativeTarget "iosbuildbot-tests" */;
			buildPhases = (
				25A33CAF2D50B990001B8D36 /* Sources */,
				25A33CB02D50B990001B8D36 /* Frameworks */,
				25A33CB12D50B990001B8D36 /* Resources */,
			);
			buildRules = (
			);
			dependencies = (
			);
			fileSystemSynchronizedGroups = (
				25A33CB42D50B990001B8D36 /* iosbuildbot-tests */,
			);
			name = "iosbuildbot-tests";
			packageProductDependencies = (
			);
			productName = "iosbuildbot-tests";
			productReference = 25A33CB32D50B990001B8D36 /* iosbuildbot-tests.xctest */;
			productType = "com.apple.product-type.bundle.unit-test";
		};
/* End PBXNativeTarget section */

/* Begin PBXProject section */
		255795192D4FFB85002B5110 /* Project object */ = {
			isa = PBXProject;
			attributes = {
				BuildIndependentTargetsInParallel = 1;
				LastUpgradeCheck = 1620;
				TargetAttributes = {
					255795202D4FFB85002B5110 = {
						CreatedOnToolsVersion = 16.2;
					};
					25A33C9A2D50B698001B8D36 = {
						CreatedOnToolsVersion = 16.2;
					};
					25A33CB22D50B990001B8D36 = {
						CreatedOnToolsVersion = 16.2;
					};
				};
			};
			buildConfigurationList = 2557951C2D4FFB85002B5110 /* Build configuration list for PBXProject "iosbuildbot" */;
			developmentRegion = en;
			hasScannedForEncodings = 0;
			knownRegions = (
				en,
				Base,
			);
			mainGroup = 255795182D4FFB85002B5110;
			minimizedProjectReferenceProxies = 1;
			preferredProjectObjectVersion = 77;
			productRefGroup = 255795222D4FFB85002B5110 /* Products */;
			projectDirPath = "";
			projectRoot = "";
			targets = (
				255795202D4FFB85002B5110 /* iosbuildbot */,
				25A33C9A2D50B698001B8D36 /* iosbuildbot-core */,
				25A33CB22D50B990001B8D36 /* iosbuildbot-tests */,
			);
		};
/* End PBXProject section */

/* Begin PBXResourcesBuildPhase section */
		25A33CB12D50B990001B8D36 /* Resources */ = {
			isa = PBXResourcesBuildPhase;
			buildActionMask = 2147483647;
			files = (
			);
			runOnlyForDeploymentPostprocessing = 0;
		};
/* End PBXResourcesBuildPhase section */

/* Begin PBXSourcesBuildPhase section */
		2557951D2D4FFB85002B5110 /* Sources */ = {
			isa = PBXSourcesBuildPhase;
			buildActionMask = 2147483647;
			files = (
			);
			runOnlyForDeploymentPostprocessing = 0;
		};
		25A33CAF2D50B990001B8D36 /* Sources */ = {
			isa = PBXSourcesBuildPhase;
			buildActionMask = 2147483647;
			files = (
			);
			runOnlyForDeploymentPostprocessing = 0;
		};
		25A33CC02D50BF59001B8D36 /* Sources */ = {
			isa = PBXSourcesBuildPhase;
			buildActionMask = 2147483647;
			files = (
			);
			runOnlyForDeploymentPostprocessing = 0;
		};
/* End PBXSourcesBuildPhase section */

/* Begin PBXTargetDependency section */
		25A33CA92D50B6E6001B8D36 /* PBXTargetDependency */ = {
			isa = PBXTargetDependency;
			target = 25A33C9A2D50B698001B8D36 /* iosbuildbot-core */;
			targetProxy = 25A33CA82D50B6E6001B8D36 /* PBXContainerItemProxy */;
		};
/* End PBXTargetDependency section */

/* Begin XCBuildConfiguration section */
		255795262D4FFB85002B5110 /* Debug */ = {
			isa = XCBuildConfiguration;
			buildSettings = {
				ALWAYS_SEARCH_USER_PATHS = NO;
				ASSETCATALOG_COMPILER_GENERATE_SWIFT_ASSET_SYMBOL_EXTENSIONS = YES;
				CLANG_ANALYZER_NONNULL = YES;
				CLANG_ANALYZER_NUMBER_OBJECT_CONVERSION = YES_AGGRESSIVE;
				CLANG_CXX_LANGUAGE_STANDARD = "gnu++20";
				CLANG_ENABLE_MODULES = YES;
				CLANG_ENABLE_OBJC_ARC = YES;
				CLANG_ENABLE_OBJC_WEAK = YES;
				CLANG_WARN_BLOCK_CAPTURE_AUTORELEASING = YES;
				CLANG_WARN_BOOL_CONVERSION = YES;
				CLANG_WARN_COMMA = YES;
				CLANG_WARN_CONSTANT_CONVERSION = YES;
				CLANG_WARN_DEPRECATED_OBJC_IMPLEMENTATIONS = YES;
				CLANG_WARN_DIRECT_OBJC_ISA_USAGE = YES_ERROR;
				CLANG_WARN_DOCUMENTATION_COMMENTS = YES;
				CLANG_WARN_EMPTY_BODY = YES;
				CLANG_WARN_ENUM_CONVERSION = YES;
				CLANG_WARN_INFINITE_RECURSION = YES;
				CLANG_WARN_INT_CONVERSION = YES;
				CLANG_WARN_NON_LITERAL_NULL_CONVERSION = YES;
				CLANG_WARN_OBJC_IMPLICIT_RETAIN_SELF = YES;
				CLANG_WARN_OBJC_LITERAL_CONVERSION = YES;
				CLANG_WARN_OBJC_ROOT_CLASS = YES_ERROR;
				CLANG_WARN_QUOTED_INCLUDE_IN_FRAMEWORK_HEADER = YES;
				CLANG_WARN_RANGE_LOOP_ANALYSIS = YES;
				CLANG_WARN_STRICT_PROTOTYPES = YES;
				CLANG_WARN_SUSPICIOUS_MOVE = YES;
				CLANG_WARN_UNGUARDED_AVAILABILITY = YES_AGGRESSIVE;
				CLANG_WARN_UNREACHABLE_CODE = YES;
				CLANG_WARN__DUPLICATE_METHOD_MATCH = YES;
				CODE_SIGN_IDENTITY = "-";
				COPY_PHASE_STRIP = NO;
				DEBUG_INFORMATION_FORMAT = dwarf;
				ENABLE_STRICT_OBJC_MSGSEND = YES;
				ENABLE_TESTABILITY = YES;
				ENABLE_USER_SCRIPT_SANDBOXING = YES;
				ENABLE_USER_SELECTED_FILES = "";
				GCC_C_LANGUAGE_STANDARD = gnu17;
				GCC_DYNAMIC_NO_PIC = NO;
				GCC_NO_COMMON_BLOCKS = YES;
				GCC_OPTIMIZATION_LEVEL = 0;
				GCC_PREPROCESSOR_DEFINITIONS = (
					"DEBUG=1",
					"$(inherited)",
				);
				GCC_WARN_64_TO_32_BIT_CONVERSION = YES;
				GCC_WARN_ABOUT_RETURN_TYPE = YES_ERROR;
				GCC_WARN_UNDECLARED_SELECTOR = YES;
				GCC_WARN_UNINITIALIZED_AUTOS = YES_AGGRESSIVE;
				GCC_WARN_UNUSED_FUNCTION = YES;
				GCC_WARN_UNUSED_VARIABLE = YES;
				LOCALIZATION_PREFERS_STRING_CATALOGS = YES;
				MACOSX_DEPLOYMENT_TARGET = 15.2;
				MTL_ENABLE_DEBUG_INFO = INCLUDE_SOURCE;
				MTL_FAST_MATH = YES;
				ONLY_ACTIVE_ARCH = YES;
				SDKROOT = macosx;
			};
			name = Debug;
		};
		255795272D4FFB85002B5110 /* Release */ = {
			isa = XCBuildConfiguration;
			buildSettings = {
				ALWAYS_SEARCH_USER_PATHS = NO;
				ASSETCATALOG_COMPILER_GENERATE_SWIFT_ASSET_SYMBOL_EXTENSIONS = YES;
				CLANG_ANALYZER_NONNULL = YES;
				CLANG_ANALYZER_NUMBER_OBJECT_CONVERSION = YES_AGGRESSIVE;
				CLANG_CXX_LANGUAGE_STANDARD = "gnu++20";
				CLANG_ENABLE_MODULES = YES;
				CLANG_ENABLE_OBJC_ARC = YES;
				CLANG_ENABLE_OBJC_WEAK = YES;
				CLANG_WARN_BLOCK_CAPTURE_AUTORELEASING = YES;
				CLANG_WARN_BOOL_CONVERSION = YES;
				CLANG_WARN_COMMA = YES;
				CLANG_WARN_CONSTANT_CONVERSION = YES;
				CLANG_WARN_DEPRECATED_OBJC_IMPLEMENTATIONS = YES;
				CLANG_WARN_DIRECT_OBJC_ISA_USAGE = YES_ERROR;
				CLANG_WARN_DOCUMENTATION_COMMENTS = YES;
				CLANG_WARN_EMPTY_BODY = YES;
				CLANG_WARN_ENUM_CONVERSION = YES;
				CLANG_WARN_INFINITE_RECURSION = YES;
				CLANG_WARN_INT_CONVERSION = YES;
				CLANG_WARN_NON_LITERAL_NULL_CONVERSION = YES;
				CLANG_WARN_OBJC_IMPLICIT_RETAIN_SELF = YES;
				CLANG_WARN_OBJC_LITERAL_CONVERSION = YES;
				CLANG_WARN_OBJC_ROOT_CLASS = YES_ERROR;
				CLANG_WARN_QUOTED_INCLUDE_IN_FRAMEWORK_HEADER = YES;
				CLANG_WARN_RANGE_LOOP_ANALYSIS = YES;
				CLANG_WARN_STRICT_PROTOTYPES = YES;
				CLANG_WARN_SUSPICIOUS_MOVE = YES;
				CLANG_WARN_UNGUARDED_AVAILABILITY = YES_AGGRESSIVE;
				CLANG_WARN_UNREACHABLE_CODE = YES;
				CLANG_WARN__DUPLICATE_METHOD_MATCH = YES;
				CODE_SIGN_IDENTITY = "-";
				COPY_PHASE_STRIP = NO;
				DEBUG_INFORMATION_FORMAT = "dwarf-with-dsym";
				ENABLE_NS_ASSERTIONS = NO;
				ENABLE_STRICT_OBJC_MSGSEND = YES;
				ENABLE_USER_SCRIPT_SANDBOXING = YES;
				ENABLE_USER_SELECTED_FILES = "";
				GCC_C_LANGUAGE_STANDARD = gnu17;
				GCC_NO_COMMON_BLOCKS = YES;
				GCC_WARN_64_TO_32_BIT_CONVERSION = YES;
				GCC_WARN_ABOUT_RETURN_TYPE = YES_ERROR;
				GCC_WARN_UNDECLARED_SELECTOR = YES;
				GCC_WARN_UNINITIALIZED_AUTOS = YES_AGGRESSIVE;
				GCC_WARN_UNUSED_FUNCTION = YES;
				GCC_WARN_UNUSED_VARIABLE = YES;
				LOCALIZATION_PREFERS_STRING_CATALOGS = YES;
				MACOSX_DEPLOYMENT_TARGET = 15.2;
				MTL_ENABLE_DEBUG_INFO = NO;
				MTL_FAST_MATH = YES;
				SDKROOT = macosx;
			};
			name = Release;
		};
		255795292D4FFB85002B5110 /* Debug */ = {
			isa = XCBuildConfiguration;
			buildSettings = {
				CODE_SIGN_STYLE = Automatic;
				DEVELOPMENT_TEAM = V6LCS3UMT4;
				ENABLE_HARDENED_RUNTIME = YES;
				PRODUCT_NAME = "$(TARGET_NAME)";
			};
			name = Debug;
		};
		2557952A2D4FFB85002B5110 /* Release */ = {
			isa = XCBuildConfiguration;
			buildSettings = {
				CODE_SIGN_STYLE = Automatic;
				DEVELOPMENT_TEAM = V6LCS3UMT4;
				ENABLE_HARDENED_RUNTIME = YES;
				PRODUCT_NAME = "$(TARGET_NAME)";
			};
			name = Release;
		};
		25A33CA22D50B698001B8D36 /* Debug */ = {
			isa = XCBuildConfiguration;
			buildSettings = {
				CODE_SIGN_STYLE = Automatic;
				DEVELOPMENT_TEAM = V6LCS3UMT4;
				EXECUTABLE_PREFIX = lib;
				PRODUCT_NAME = "$(TARGET_NAME)";
				SKIP_INSTALL = YES;
			};
			name = Debug;
		};
		25A33CA32D50B698001B8D36 /* Release */ = {
			isa = XCBuildConfiguration;
			buildSettings = {
				CODE_SIGN_STYLE = Automatic;
				DEVELOPMENT_TEAM = V6LCS3UMT4;
				EXECUTABLE_PREFIX = lib;
				PRODUCT_NAME = "$(TARGET_NAME)";
				SKIP_INSTALL = YES;
			};
			name = Release;
		};
		25A33CBB2D50B990001B8D36 /* Debug */ = {
			isa = XCBuildConfiguration;
			buildSettings = {
				CODE_SIGN_STYLE = Automatic;
				CURRENT_PROJECT_VERSION = 1;
				DEVELOPMENT_TEAM = V6LCS3UMT4;
				GENERATE_INFOPLIST_FILE = YES;
				MARKETING_VERSION = 1.0;
				PRODUCT_BUNDLE_IDENTIFIER = "com.doomhowl.iosbuildbot-tests";
				PRODUCT_NAME = "$(TARGET_NAME)";
				SWIFT_EMIT_LOC_STRINGS = NO;
			};
			name = Debug;
		};
		25A33CBC2D50B990001B8D36 /* Release */ = {
			isa = XCBuildConfiguration;
			buildSettings = {
				CODE_SIGN_STYLE = Automatic;
				CURRENT_PROJECT_VERSION = 1;
				DEVELOPMENT_TEAM = V6LCS3UMT4;
				GENERATE_INFOPLIST_FILE = YES;
				MARKETING_VERSION = 1.0;
				PRODUCT_BUNDLE_IDENTIFIER = "com.doomhowl.iosbuildbot-tests";
				PRODUCT_NAME = "$(TARGET_NAME)";
				SWIFT_EMIT_LOC_STRINGS = NO;
			};
			name = Release;
		};
/* End XCBuildConfiguration section */

/* Begin XCConfigurationList section */
		2557951C2D4FFB85002B5110 /* Build configuration list for PBXProject "iosbuildbot" */ = {
			isa = XCConfigurationList;
			buildConfigurations = (
				255795262D4FFB85002B5110 /* Debug */,
				255795272D4FFB85002B5110 /* Release */,
			);
			defaultConfigurationIsVisible = 0;
			defaultConfigurationName = Release;
		};
		255795282D4FFB85002B5110 /* Build configuration list for PBXNativeTarget "iosbuildbot" */ = {
			isa = XCConfigurationList;
			buildConfigurations = (
				255795292D4FFB85002B5110 /* Debug */,
				2557952A2D4FFB85002B5110 /* Release */,
			);
			defaultConfigurationIsVisible = 0;
			defaultConfigurationName = Release;
		};
		25A33CA12D50B698001B8D36 /* Build configuration list for PBXNativeTarget "iosbuildbot-core" */ = {
			isa = XCConfigurationList;
			buildConfigurations = (
				25A33CA22D50B698001B8D36 /* Debug */,
				25A33CA32D50B698001B8D36 /* Release */,
			);
			defaultConfigurationIsVisible = 0;
			defaultConfigurationName = Release;
		};
		25A33CBA2D50B990001B8D36 /* Build configuration list for PBXNativeTarget "iosbuildbot-tests" */ = {
			isa = XCConfigurationList;
			buildConfigurations = (
				25A33CBB2D50B990001B8D36 /* Debug */,
				25A33CBC2D50B990001B8D36 /* Release */,
			);
			defaultConfigurationIsVisible = 0;
			defaultConfigurationName = Release;
		};
/* End XCConfigurationList section */
	};
	rootObject = 255795192D4FFB85002B5110 /* Project object */;
}
